
Microsoft Visual Studio Solution File, Format Version 12.00
# Visual Studio Version 16
VisualStudioVersion = 16.0.30204.135
MinimumVisualStudioVersion = 10.0.40219.1
Project("{FAE04EC0-301F-11D3-BF4B-00C04F79EFBC}") = "UISAVE_Reader", "UISAVE_Reader.csproj", "{70DA78E7-9DE3-413E-B47B-A6FC641DA85A}"
EndProject
Global
	GlobalSection(SolutionConfigurationPlatforms) = preSolution
		Debug|Any CPU = Debug|Any CPU
		Release|Any CPU = Release|Any CPU
	EndGlobalSection
	GlobalSection(ProjectConfigurationPlatforms) = postSolution
		{70DA78E7-9DE3-413E-B47B-A6FC641DA85A}.Debug|Any CPU.ActiveCfg = Debug|Any CPU
		{70DA78E7-9DE3-413E-B47B-A6FC641DA85A}.Debug|Any CPU.Build.0 = Debug|Any CPU
		{70DA78E7-9DE3-413E-B47B-A6FC641DA85A}.Release|Any CPU.ActiveCfg = Release|Any CPU
		{70DA78E7-9DE3-413E-B47B-A6FC641DA85A}.Release|Any CPU.Build.0 = Release|Any CPU
	EndGlobalSection
	GlobalSection(SolutionProperties) = preSolution
		HideSolutionNode = FALSE
	EndGlobalSection
	GlobalSection(ExtensibilityGlobals) = postSolution
		SolutionGuid = {805BB748-61CB-456F-AF2D-6E418C5F3C52}
	EndGlobalSection
EndGlobal
